GIT
  remote: https://github.com/iffyuva/flatui-rails.git
  revision: 3d3c423d6bb58caa5d97d6fe2e3d03235e0d378e
  ref: 3d3c423
  specs:
    flatui-rails (0.0.4)
      bootstrap-sass (>= 2.3.1)
      railties (>= 3.1)
      sass-rails (>= 3.2.0)

GIT
  remote: https://github.com/mjbellantoni/formtastic-bootstrap.git
  revision: f86eaef93bea0a06879b3977d7554864964a623f
  ref: f86eaef93bea0a06879b3977d7554864964a623f
  specs:
    formtastic-bootstrap (2.1.3)
      formtastic (~> 2.2)

GEM
  remote: https://rubygems.org/
  specs:
    acme-client (2.0.31)
      base64 (~> 0.2)
      faraday (>= 1.0, < 3.0.0)
      faraday-retry (>= 1.0, < 3.0.0)
    actioncable (7.1.6)
      actionpack (= 7.1.6)
      activesupport (= 7.1.6)
      nio4r (~> 2.0)
      websocket-driver (>= 0.6.1)
      zeitwerk (~> 2.6)
    actionmailbox (7.1.6)
      actionpack (= 7.1.6)
      activejob (= 7.1.6)
      activerecord (= 7.1.6)
      activestorage (= 7.1.6)
      activesupport (= 7.1.6)
      mail (>= 2.7.1)
      net-imap
      net-pop
      net-smtp
    actionmailer (7.1.6)
      actionpack (= 7.1.6)
      actionview (= 7.1.6)
      activejob (= 7.1.6)
      activesupport (= 7.1.6)
      mail (~> 2.5, >= 2.5.4)
      net-imap
      net-pop
      net-smtp
      rails-dom-testing (~> 2.2)
    actionpack (7.1.6)
      actionview (= 7.1.6)
      activesupport (= 7.1.6)
      cgi
      nokogiri (>= 1.8.5)
      racc
      rack (>= 2.2.4)
      rack-session (>= 1.0.1)
      rack-test (>= 0.6.3)
      rails-dom-testing (~> 2.2)
      rails-html-sanitizer (~> 1.6)
    actiontext (7.1.6)
      actionpack (= 7.1.6)
      activerecord (= 7.1.6)
      activestorage (= 7.1.6)
      activesupport (= 7.1.6)
      globalid (>= 0.6.0)
      nokogiri (>= 1.8.5)
    actionview (7.1.6)
      activesupport (= 7.1.6)
      builder (~> 3.1)
      cgi
      erubi (~> 1.11)
      rails-dom-testing (~> 2.2)
      rails-html-sanitizer (~> 1.6)
    activejob (7.1.6)
      activesupport (= 7.1.6)
      globalid (>= 0.3.6)
    activemodel (7.1.6)
      activesupport (= 7.1.6)
    activerecord (7.1.6)
      activemodel (= 7.1.6)
      activesupport (= 7.1.6)
      timeout (>= 0.4.0)
    activestorage (7.1.6)
      actionpack (= 7.1.6)
      activejob (= 7.1.6)
      activerecord (= 7.1.6)
      activesupport (= 7.1.6)
      marcel (~> 1.0)
    activesupport (7.1.6)
      base64
      benchmark (>= 0.3)
      bigdecimal
      concurrent-ruby (~> 1.0, >= 1.0.2)
      connection_pool (>= 2.2.5)
      drb
      i18n (>= 1.6, < 2)
      logger (>= 1.4.2)
      minitest (>= 5.1)
      mutex_m
      securerandom (>= 0.3)
      tzinfo (~> 2.0)
    addressable (2.9.0)
      public_suffix (>= 2.0.2, < 8.0)
    ast (2.4.3)
    base64 (0.3.0)
    batch-loader (2.0.6)
    bcrypt (3.1.22)
    bcrypt_pbkdf (1.1.2)
    bcrypt_pbkdf (1.1.2-arm64-darwin)
    bcrypt_pbkdf (1.1.2-x86_64-darwin)
    benchmark (0.5.0)
    bigdecimal (4.1.2)
    bootstrap-sass (2.3.2.2)
      sass (~> 3.2)
    builder (3.3.0)
    capybara (3.40.0)
      addressable
      matrix
      mini_mime (>= 0.1.3)
      nokogiri (~> 1.11)
      rack (>= 1.6.0)
      rack-test (>= 0.6.3)
      regexp_parser (>= 1.5, < 3.0)
      xpath (~> 3.2)
    cgi (0.5.1)
    climate_control (1.2.0)
    coderay (1.1.3)
    concurrent-ruby (1.3.6)
    connection_pool (3.0.2)
    crack (1.0.1)
      bigdecimal
      rexml
    crass (1.0.6)
    css_parser (2.2.0)
      addressable
    daemons (1.4.1)
    database_cleaner (2.1.0)
      database_cleaner-active_record (>= 2, < 3)
    database_cleaner-active_record (2.2.2)
      activerecord (>= 5.a)
      database_cleaner-core (~> 2.0)
    database_cleaner-core (2.0.1)
    date (3.5.1)
    devise (5.0.4)
      bcrypt (~> 3.0)
      orm_adapter (~> 0.1)
      railties (>= 7.0)
      responders
      warden (~> 1.2.3)
    devise_invitable (2.0.12)
      actionmailer (>= 5.0)
      devise (>= 4.6)
    diff-lcs (1.6.2)
    dkim (1.1.0)
    dnsbl-client (1.1.1)
    domain_name (0.6.20240107)
    dotenv (3.2.0)
    dotenv-rails (3.2.0)
      dotenv (= 3.2.0)
      railties (>= 6.1)
    drb (2.2.3)
    ed25519 (1.4.0)
    erb (6.0.4)
    erubi (1.13.1)
    eventmachine (1.2.7)
    excon (1.4.2)
      logger
    execjs (2.10.1)
    factory_bot (6.6.0)
      activesupport (>= 6.1.0)
    factory_bot_rails (6.5.1)
      factory_bot (~> 6.5)
      railties (>= 6.1.0)
    faker (3.8.0)
      i18n (>= 1.8.11, < 2)
    faraday (2.14.2)
      faraday-net_http (>= 2.0, < 3.5)
      json
      logger
    faraday-net_http (3.4.3)
      net-http (~> 0.5)
    faraday-retry (2.4.0)
      faraday (~> 2.0)
    ffi (1.17.4-aarch64-linux-gnu)
    ffi (1.17.4-aarch64-linux-musl)
    ffi (1.17.4-arm-linux-gnu)
    ffi (1.17.4-arm-linux-musl)
    ffi (1.17.4-arm64-darwin)
    ffi (1.17.4-x86_64-darwin)
    ffi (1.17.4-x86_64-linux-gnu)
    ffi (1.17.4-x86_64-linux-musl)
    file-tail (1.4.0)
      tins (~> 1.0)
    fog-aws (3.33.2)
      base64 (>= 0.2, < 0.4)
      fog-core (~> 2.6)
      fog-json (~> 1.1)
      fog-xml (~> 0.1)
    fog-core (2.6.0)
      builder
      excon (~> 1.0)
      formatador (>= 0.2, < 2.0)
      mime-types
    fog-json (1.3.0)
      fog-core
      multi_json (~> 1.10)
    fog-xml (0.1.5)
      fog-core
      nokogiri (>= 1.5.11, < 2.0.0)
    font-awesome-rails (4.7.0.9)
      railties (>= 3.2, < 9.0)
    foreman (0.90.0)
      thor (~> 1.4)
    formatador (1.2.3)
      reline
    formtastic (2.3.1)
      actionpack (>= 3.0)
    friendly_id (5.7.0)
      activerecord (>= 4.0.0)
    globalid (1.3.0)
      activesupport (>= 6.1)
    google-analytics-rails (1.1.1)
    graphiql-rails (1.10.5)
      railties
    graphql (1.13.25)
      base64
    graphql-client (0.16.0)
      activesupport (>= 3.0)
      graphql (~> 1.8)
    graphql-guard (2.0.0)
      graphql (>= 1.10.0, < 2)
    guard (2.20.1)
      formatador (>= 0.2.4)
      listen (>= 2.7, < 4.0)
      logger (~> 1.6)
      lumberjack (>= 1.0.12, < 2.0)
      nenv (~> 0.1)
      notiffany (~> 0.0)
      pry (>= 0.13.0)
      shellany (~> 0.0)
      thor (>= 0.18.1)
    guard-compat (1.2.1)
    guard-rspec (4.7.3)
      guard (~> 2.1)
      guard-compat (~> 1.1)
      rspec (>= 2.99.0, < 4.0)
    haml (7.2.0)
      temple (>= 0.8.2)
      thor
      tilt
    haml-rails (3.0.0)
      actionpack (>= 5.1)
      activesupport (>= 5.1)
      haml (>= 4.0.6)
      railties (>= 5.1)
    hashdiff (1.2.1)
    honeybadger (6.6.0)
      logger
      ostruct
    htmlentities (4.4.2)
    http-accept (1.7.0)
    http-cookie (1.1.6)
      domain_name (~> 0.5)
    i18n (1.14.8)
      concurrent-ruby (~> 1.0)
    io-console (0.8.2)
    irb (1.18.0)
      pp (>= 0.6.0)
      prism (>= 1.3.0)
      rdoc (>= 4.0.0)
      reline (>= 0.4.2)
    jbuilder (2.14.1)
      actionview (>= 7.0.0)
      activesupport (>= 7.0.0)
    jquery-rails (4.6.1)
      rails-dom-testing (>= 1, < 3)
      railties (>= 4.2.0)
      thor (>= 0.14, < 2.0)
    json (2.19.5)
    jwt (3.2.0)
      base64
    language_server-protocol (3.17.0.5)
    lint_roller (1.1.0)
    listen (3.10.0)
      logger
      rb-fsevent (~> 0.10, >= 0.10.3)
      rb-inotify (~> 0.9, >= 0.9.10)
    logger (1.7.0)
    loofah (2.25.1)
      crass (~> 1.0.2)
      nokogiri (>= 1.12.0)
    lumberjack (1.4.2)
    mail (2.9.0)
      logger
      mini_mime (>= 0.1.1)
      net-imap
      net-pop
      net-smtp
    marcel (1.1.0)
    matrix (0.4.3)
    method_source (1.1.0)
    mime-types (3.7.0)
      logger
      mime-types-data (~> 3.2025, >= 3.2025.0507)
    mime-types-data (3.2026.0414)
    mini_mime (1.1.5)
    minitar (1.1.0)
    minitest (6.0.6)
      drb (~> 2.0)
      prism (~> 1.5)
    mize (0.6.1)
    multi_json (1.21.1)
    mustermann (3.1.1)
    mutex_m (0.3.0)
    nenv (0.3.0)
    net-http (0.9.1)
      uri (>= 0.11.1)
    net-imap (0.6.4)
      date
      net-protocol
    net-pop (0.1.2)
      net-protocol
    net-protocol (0.2.2)
      timeout
    net-smtp (0.5.1)
      net-protocol
    netrc (0.11.0)
    newrelic_rpm (10.4.0)
      logger
    nio4r (2.7.5)
    nokogiri (1.19.3-aarch64-linux-gnu)
      racc (~> 1.4)
    nokogiri (1.19.3-aarch64-linux-musl)
      racc (~> 1.4)
    nokogiri (1.19.3-arm-linux-gnu)
      racc (~> 1.4)
    nokogiri (1.19.3-arm-linux-musl)
      racc (~> 1.4)
    nokogiri (1.19.3-arm64-darwin)
      racc (~> 1.4)
      racc (~> 1.4)
    nokogiri (1.19.3-x86_64-darwin)
      racc (~> 1.4)
    nokogiri (1.19.3-x86_64-linux-gnu)
      racc (~> 1.4)
    nokogiri (1.19.3-x86_64-linux-musl)
      racc (~> 1.4)
    notiffany (0.1.3)
      nenv (~> 0.1)
      shellany (~> 0.0)
    observer (0.1.2)
    orm_adapter (0.5.0)
    ostruct (0.6.3)
    parallel (2.1.0)
    parser (3.3.11.1)
      ast (~> 2.4.1)
      racc
    pg (1.6.3)
    pg (1.6.3-aarch64-linux)
    pg (1.6.3-aarch64-linux-musl)
    pg (1.6.3-arm64-darwin)
    pg (1.6.3-x86_64-darwin)
    pg (1.6.3-x86_64-linux)
    pg (1.6.3-x86_64-linux-musl)
    pkg-config (1.6.5)
    pp (0.6.3)
      prettyprint
    premailer (1.29.0)
      addressable
      css_parser (>= 1.19.0)
      htmlentities (>= 4.0.0)
    prettyprint (0.2.0)
    prism (1.9.0)
    pry (0.16.0)
      coderay (~> 1.1)
      method_source (~> 1.0)
      reline (>= 0.6.0)
    psych (5.3.1)
      date
      stringio
    public_suffix (7.0.5)
    pundit (2.5.2)
      activesupport (>= 3.0.0)
    racc (1.8.1)
    rack (3.2.6)
    rack-mini-profiler (4.0.1)
      rack (>= 1.2.0)
    rack-protection (4.2.1)
      base64 (>= 0.1.0)
      logger (>= 1.6.0)
      rack (>= 3.0.0, < 4)
    rack-session (2.1.2)
      base64 (>= 0.1.0)
      rack (>= 3.0.0)
    rack-test (2.2.0)
      rack (>= 1.3)
    rackup (2.3.1)
      rack (>= 3)
    rails (7.1.6)
      actioncable (= 7.1.6)
      actionmailbox (= 7.1.6)
      actionmailer (= 7.1.6)
      actionpack (= 7.1.6)
      actiontext (= 7.1.6)
      actionview (= 7.1.6)
      activejob (= 7.1.6)
      activemodel (= 7.1.6)
      activerecord (= 7.1.6)
      activestorage (= 7.1.6)
      activesupport (= 7.1.6)
      bundler (>= 1.15.0)
      railties (= 7.1.6)
    rails-controller-testing (1.0.5)
      actionpack (>= 5.0.1.rc1)
      actionview (>= 5.0.1.rc1)
      activesupport (>= 5.0.1.rc1)
    rails-dom-testing (2.3.0)
      activesupport (>= 5.0.0)
      minitest
      nokogiri (>= 1.6)
    rails-html-sanitizer (1.7.0)
      loofah (~> 2.25)
      nokogiri (>= 1.15.7, != 1.16.7, != 1.16.6, != 1.16.5, != 1.16.4, != 1.16.3, != 1.16.2, != 1.16.1, != 1.16.0.rc1, != 1.16.0)
    railties (7.1.6)
      actionpack (= 7.1.6)
      activesupport (= 7.1.6)
      cgi
      irb
      rackup (>= 1.0.0)
      rake (>= 12.2)
      thor (~> 1.0, >= 1.2.2)
      tsort (>= 0.2)
      zeitwerk (~> 2.6)
    rainbow (3.1.1)
    rake (13.4.2)
    rb-fchange (0.0.6)
      ffi
    rb-fsevent (0.11.2)
    rb-inotify (0.11.1)
      ffi (~> 1.0)
    rdoc (7.2.0)
      erb
      psych (>= 4.0.0)
      tsort
    readline (0.0.4)
      reline
    redis-client (0.29.0)
      connection_pool
    regexp_parser (2.12.0)
    reline (0.6.3)
      io-console (~> 0.5)
    responders (3.2.0)
      actionpack (>= 7.0)
      railties (>= 7.0)
    rest-client (2.1.0)
      http-accept (>= 1.7.0, < 2.0)
      http-cookie (>= 1.0.2, < 2.0)
      mime-types (>= 1.16, < 4.0)
      netrc (~> 0.8)
    rexml (3.4.4)
    rmagick (7.0.0)
      observer (~> 0.1)
      pkg-config (~> 1.4)
    rspec (3.13.2)
      rspec-core (~> 3.13.0)
      rspec-expectations (~> 3.13.0)
      rspec-mocks (~> 3.13.0)
    rspec-activemodel-mocks (1.3.0)
      activemodel (>= 3.0)
      activesupport (>= 3.0)
      rspec-mocks (>= 2.99, < 4.0)
    rspec-core (3.13.6)
      rspec-support (~> 3.13.0)
    rspec-expectations (3.13.5)
      diff-lcs (>= 1.2.0, < 2.0)
      rspec-support (~> 3.13.0)
    rspec-mocks (3.13.8)
      diff-lcs (>= 1.2.0, < 2.0)
      rspec-support (~> 3.13.0)
    rspec-rails (7.1.1)
      actionpack (>= 7.0)
      activesupport (>= 7.0)
      railties (>= 7.0)
      rspec-core (~> 3.13)
      rspec-expectations (~> 3.13)
      rspec-mocks (~> 3.13)
      rspec-support (~> 3.13)
    rspec-support (3.13.7)
    rubocop (1.86.1)
      json (~> 2.3)
      language_server-protocol (~> 3.17.0.2)
      lint_roller (~> 1.1.0)
      parallel (>= 1.10)
      parser (>= 3.3.0.2)
      rainbow (>= 2.2.2, < 4.0)
      regexp_parser (>= 2.9.3, < 3.0)
      rubocop-ast (>= 1.49.0, < 2.0)
      ruby-progressbar (~> 1.7)
      unicode-display_width (>= 2.4.0, < 4.0)
    rubocop-ast (1.49.1)
      parser (>= 3.3.7.2)
      prism (~> 1.7)
    rubocop-graphql (1.6.0)
      lint_roller (~> 1.1)
      rubocop (>= 1.72.1, < 2)
    rubocop-rails (2.34.3)
      activesupport (>= 4.2.0)
      lint_roller (~> 1.1)
      rack (>= 1.1)
      rubocop (>= 1.75.0, < 2.0)
      rubocop-ast (>= 1.44.0, < 2.0)
    rubocop-rspec (3.9.0)
      lint_roller (~> 1.1)
      rubocop (~> 1.81)
    ruby-progressbar (1.13.0)
    ruby_gntp (0.3.4)
    rubyzip (3.3.0)
    sass (3.7.4)
      sass-listen (~> 4.0.0)
    sass-listen (4.0.0)
      rb-fsevent (~> 0.9, >= 0.9.4)
      rb-inotify (~> 0.9, >= 0.9.7)
    sass-rails (6.0.0)
      sassc-rails (~> 2.1, >= 2.1.1)
    sassc (2.4.0)
      ffi (~> 1.9)
    sassc-rails (2.1.2)
      railties (>= 4.0.0)
      sassc (>= 2.0)
      sprockets (> 3.0)
      sprockets-rails
      tilt
    securerandom (0.4.1)
    selenium-webdriver (4.43.0)
      base64 (~> 0.2)
      logger (~> 1.4)
      rexml (~> 3.2, >= 3.2.5)
      rubyzip (>= 1.2.2, < 4.0)
      websocket (~> 1.0)
    shellany (0.0.1)
    sidekiq (7.3.9)
      base64
      connection_pool (>= 2.3.0)
      logger
      rack (>= 2.2.4)
      redis-client (>= 0.22.2)
    sinatra (4.2.1)
      logger (>= 1.6.0)
      mustermann (~> 3.0)
      rack (>= 3.0.0, < 4)
      rack-protection (= 4.2.1)
      rack-session (>= 2.0.0, < 3)
      tilt (~> 2.0)
    spring (4.5.0)
    spring-commands-rspec (1.0.4)
      spring (>= 0.9.1)
    sprockets (4.2.2)
      concurrent-ruby (~> 1.0)
      logger
      rack (>= 2.2.4, < 4)
    sprockets-rails (3.5.2)
      actionpack (>= 6.1)
      activesupport (>= 6.1)
      sprockets (>= 3.0.0)
    stringio (3.2.0)
    sync (0.5.0)
    syslog_protocol (0.9.2)
    temple (0.10.4)
    terminal-notifier (2.0.0)
    terminal-notifier-guard (1.7.0)
    thin (2.0.1)
      daemons (~> 1.0, >= 1.0.9)
      eventmachine (~> 1.0, >= 1.0.4)
      logger
      rack (>= 1, < 4)
    thor (1.5.0)
    tilt (2.7.0)
    timeout (0.6.1)
    tins (1.53.0)
      bigdecimal
      mize (~> 0.6)
      readline
      sync
    tsort (0.2.0)
    tzinfo (2.0.6)
      concurrent-ruby (~> 1.0)
    uglifier (4.2.1)
      execjs (>= 0.3.0, < 3)
    unicode-display_width (3.2.0)
      unicode-emoji (~> 4.1)
    unicode-emoji (4.2.0)
    uri (1.1.1)
    user_agent_parser (2.21.0)
    vcr (6.4.0)
    warden (1.2.9)
      rack (>= 2.0.9)
    webmock (3.26.2)
      addressable (>= 2.8.0)
      crack (>= 0.3.2)
      hashdiff (>= 0.4.0, < 2.0.0)
    websocket (1.2.11)
    websocket-driver (0.8.0)
      base64
      websocket-extensions (>= 0.1.0)
    websocket-extensions (0.1.5)
    will_paginate (4.0.1)
    xpath (3.2.0)
      nokogiri (~> 1.8)
    zeitwerk (2.7.5)

PLATFORMS
  aarch64-linux
  aarch64-linux-gnu
  aarch64-linux-musl
  arm-linux-gnu
  arm-linux-musl
  arm64-darwin
  x86_64-darwin
  x86_64-linux-gnu
  x86_64-linux-musl

DEPENDENCIES
  acme-client
  batch-loader
  bcrypt_pbkdf (~> 1.0)
  bootstrap-sass (~> 2.0)
  capybara
  climate_control
  coderay
  database_cleaner
  devise
  devise_invitable
  dkim
  dnsbl-client
  dotenv-rails
  ed25519 (~> 1.2)
  eventmachine
  factory_bot_rails
  faker
  file-tail
  flatui-rails!
  fog-aws
  font-awesome-rails
  foreman
  formtastic
  formtastic-bootstrap!
  friendly_id
  google-analytics-rails
  graphiql-rails
  graphql (~> 1.13)
  graphql-client (~> 0.16.0)
  graphql-guard
  guard
  guard-rspec
  haml-rails
  honeybadger
  jbuilder
  jquery-rails
  jwt
  listen
  minitar
  newrelic_rpm
  nokogiri
  pg
  premailer
  pundit
  rack-mini-profiler
  rails (~> 7.1.0)
  rails-controller-testing
  rb-fchange
  rb-fsevent
  rb-inotify
  rest-client
  rmagick
  rspec-activemodel-mocks
  rspec-rails
  rubocop
  rubocop-graphql
  rubocop-rails
  rubocop-rspec
  ruby_gntp
  sass
  sassc-rails
  selenium-webdriver
  sidekiq (~> 7.0)
  sinatra
  spring
  spring-commands-rspec
  syslog_protocol
  terminal-notifier
  terminal-notifier-guard
  thin
  uglifier
  user_agent_parser
  vcr
  webmock
  will_paginate

CHECKSUMS
  acme-client (2.0.31) sha256=69c6c2bd015fdd4bdacdb3c2baa9f0034dbf91b855e08f15b78a533cc77ff360
  actioncable (7.1.6) sha256=ad428d5f0a810452160820ae3cf3d9d68d8f59e7c76de3bd1f1de2a5ad03c3da
  actionmailbox (7.1.6) sha256=ded958ad8ec147a5f14555833541f07063af188777b09b50cfeeaa623bc2f731
  actionmailer (7.1.6) sha256=b07f6420ec66bd299a9da5a35c075849fbd5504e82793301b0c275fa4211d273
  actionpack (7.1.6) sha256=3fa42da36fdcfc3690a711ed35ac5d527b87d3d676f8d111238aa399151203eb
  actiontext (7.1.6) sha256=79d657422dd67cc8cb46866a7bec9d89ec8699f7fa5647c0eab3472dc0297e66
  actionview (7.1.6) sha256=11147d81f90465ae062b2a77805c6f8f446e044e309c51bd9449bdbd43edf566
  activejob (7.1.6) sha256=0dd9cd051d494608349dd9223a3e61c3933250db77e35ab6617c26c1d52dccbb
  activemodel (7.1.6) sha256=f72f510018a560b5969e3ffc88214441ff09eed60b310feba678a597b2a2e721
  activerecord (7.1.6) sha256=1aa298cd7fc97ed8639ebb05a46bd17243a1218d89945bdc2bac1e61e673f079
  activestorage (7.1.6) sha256=2f1acb8e6592ba783d9cbc3da93ac4477d441dffc5d533ceccbbfab39f4bf398
  activesupport (7.1.6) sha256=7f12140a813b1c4922a322663e547129aef1840fc512fa262378f6d7e7fd3a7c
  addressable (2.9.0) sha256=7fdf6ac3660f7f4e867a0838be3f6cf722ace541dd97767fa42bc6cfa980c7af
  ast (2.4.3) sha256=954615157c1d6a382bc27d690d973195e79db7f55e9765ac7c481c60bdb4d383
  base64 (0.3.0) sha256=27337aeabad6ffae05c265c450490628ef3ebd4b67be58257393227588f5a97b
  batch-loader (2.0.6) sha256=93e313b8880740d5d8be32861bf4e1631f5975ad34f4cb8fb9cf7662ee009267
  bcrypt (3.1.22) sha256=1f0072e88c2d705d94aff7f2c5cb02eb3f1ec4b8368671e19112527489f29032
  bcrypt_pbkdf (1.1.2) sha256=c2414c23ce66869b3eb9f643d6a3374d8322dfb5078125c82792304c10b94cf6
  bcrypt_pbkdf (1.1.2-arm64-darwin) sha256=afdd6feb6ed5a97b8e44caacb3f2d641b98af78e6a516d4a3520b69af5cf9fea
  bcrypt_pbkdf (1.1.2-x86_64-darwin) sha256=35f5639d0058e6c2cc2f856f9c0b14080543268d3047abe6bc81c513093caa0e
  benchmark (0.5.0) sha256=465df122341aedcb81a2a24b4d3bd19b6c67c1530713fd533f3ff034e419236c
  bigdecimal (4.1.2) sha256=53d217666027eab4280346fba98e7d5b66baaae1b9c3c1c0ffe89d48188a3fbd
  bootstrap-sass (2.3.2.2) sha256=70b38ee9b4fef4dedc97d2c2a0760b80188466a1fd15621327dc0763fb785864
  builder (3.3.0) sha256=497918d2f9dca528fdca4b88d84e4ef4387256d984b8154e9d5d3fe5a9c8835f
  capybara (3.40.0) sha256=42dba720578ea1ca65fd7a41d163dd368502c191804558f6e0f71b391054aeef
  cgi (0.5.1) sha256=e93fcafc69b8a934fe1e6146121fa35430efa8b4a4047c4893764067036f18e9
  climate_control (1.2.0) sha256=36b21896193fa8c8536fa1cd843a07cf8ddbd03aaba43665e26c53ec1bd70aa5
  coderay (1.1.3) sha256=dc530018a4684512f8f38143cd2a096c9f02a1fc2459edcfe534787a7fc77d4b
  concurrent-ruby (1.3.6) sha256=6b56837e1e7e5292f9864f34b69c5a2cbc75c0cf5338f1ce9903d10fa762d5ab
  connection_pool (3.0.2) sha256=33fff5ba71a12d2aa26cb72b1db8bba2a1a01823559fb01d29eb74c286e62e0a
  crack (1.0.1) sha256=ff4a10390cd31d66440b7524eb1841874db86201d5b70032028553130b6d4c7e
  crass (1.0.6) sha256=dc516022a56e7b3b156099abc81b6d2b08ea1ed12676ac7a5657617f012bd45d
  css_parser (2.2.0) sha256=23d1b247d7bc78cb2f2fe54629fb755e68d3004f1d1bd5c66d5096d42bff6325
  daemons (1.4.1) sha256=8fc76d76faec669feb5e455d72f35bd4c46dc6735e28c420afb822fac1fa9a1d
  database_cleaner (2.1.0) sha256=1dcba26e3b1576da692fc6bac10136a4744da5bcc293d248aae19640c65d89cd
  database_cleaner-active_record (2.2.2) sha256=88296b9f3088c31f7c0d4fcec10f68e4b71c96698043916de59b04debec10388
  database_cleaner-core (2.0.1) sha256=8646574c32162e59ed7b5258a97a208d3c44551b854e510994f24683865d846c
  date (3.5.1) sha256=750d06384d7b9c15d562c76291407d89e368dda4d4fff957eb94962d325a0dc0
  devise (5.0.4) sha256=d605f2b85854e74e56ee789e2d398702bc2d06e6bcd894717a670a3199c74cc1
  devise_invitable (2.0.12) sha256=3ff1cb9dc85b5675e49c733399872916fc0a60b9e8a4c42ac04828d36c114e78
  diff-lcs (1.6.2) sha256=9ae0d2cba7d4df3075fe8cd8602a8604993efc0dfa934cff568969efb1909962
  dkim (1.1.0) sha256=74f2e3075c89cd2967995f3ee293da9dccccffee21ee593715a068ab39a717f8
  dnsbl-client (1.1.1) sha256=ff94b0500c4f6663481367a7a6654d16f6fa4cb78ff188f7976d9d65577e8d56
  domain_name (0.6.20240107) sha256=5f693b2215708476517479bf2b3802e49068ad82167bcd2286f899536a17d933
  dotenv (3.2.0) sha256=e375b83121ea7ca4ce20f214740076129ab8514cd81378161f11c03853fe619d
  dotenv-rails (3.2.0) sha256=657e25554ba622ffc95d8c4f1670286510f47f2edda9f68293c3f661b303beab
  drb (2.2.3) sha256=0b00d6fdb50995fe4a45dea13663493c841112e4068656854646f418fda13373
  ed25519 (1.4.0) sha256=16e97f5198689a154247169f3453ef4cfd3f7a47481fde0ae33206cdfdcac506
  erb (6.0.4) sha256=38e3803694be357fe2bfe312487c74beaf9fb4e5beb3e22498952fe1645b95d9
  erubi (1.13.1) sha256=a082103b0885dbc5ecf1172fede897f9ebdb745a4b97a5e8dc63953db1ee4ad9
  eventmachine (1.2.7) sha256=994016e42aa041477ba9cff45cbe50de2047f25dd418eba003e84f0d16560972
  excon (1.4.2) sha256=32d8d8eda619717d9b8043b4675e096fb5c2139b080e2ad3b267f88c545aaa35
  execjs (2.10.1) sha256=abe0ae028467eb8e30c10814eb934d07876a691aae7e803d813b7ce5a75e73f1
  factory_bot (6.6.0) sha256=1fc1b3b5620ec980a6a27aec1b6ec8c250ca82962e970e8a40f93e8d388d4b89
  factory_bot_rails (6.5.1) sha256=d3cc4851eae4dea8a665ec4a4516895045e710554d2b5ac9e68b94d351bc6d68
  faker (3.8.0) sha256=c147b308df73a90f27a4fc84f18d4c22ef0ad9c2a64b2b61c86fd0ca71753efc
  faraday (2.14.2) sha256=73ccb9994a9e8648f010e32eca2ae82e41c57860aa10932cda29418b9e0223ad
  faraday-net_http (3.4.3) sha256=9db13becec9312f345a769eeeecf9049c9287d54c0ae053d7235228993a4eec1
  faraday-retry (2.4.0) sha256=7b79c48fb7e56526faf247b12d94a680071ff40c9fda7cf1ec1549439ad11ebe
  ffi (1.17.4-aarch64-linux-gnu) sha256=b208f06f91ffd8f5e1193da3cae3d2ccfc27fc36fba577baf698d26d91c080df
  ffi (1.17.4-aarch64-linux-musl) sha256=9286b7a615f2676245283aef0a0a3b475ae3aae2bb5448baace630bb77b91f39
  ffi (1.17.4-arm-linux-gnu) sha256=d6dbddf7cb77bf955411af5f187a65b8cd378cb003c15c05697f5feee1cb1564
  ffi (1.17.4-arm-linux-musl) sha256=9d4838ded0465bef6e2426935f6bcc93134b6616785a84ffd2a3d82bc3cf6f95
  ffi (1.17.4-arm64-darwin) sha256=19071aaf1419251b0a46852abf960e77330a3b334d13a4ab51d58b31a937001b
  ffi (1.17.4-x86_64-darwin) sha256=aa70390523cf3235096cf64962b709b4cfbd5c082a2cb2ae714eb0fe2ccda496
  ffi (1.17.4-x86_64-linux-gnu) sha256=9d3db14c2eae074b382fa9c083fe95aec6e0a1451da249eab096c34002bc752d
  ffi (1.17.4-x86_64-linux-musl) sha256=3fdf9888483de005f8ef8d1cf2d3b20d86626af206cbf780f6a6a12439a9c49e
  file-tail (1.4.0) sha256=60b3104de1ded11d7e6406fb09ab8be22865a58e475f44a6d19121c1fa941b7d
  flatui-rails (0.0.4)
  fog-aws (3.33.2) sha256=bd9c1b045f19daad8942d65d7e9c9c7c1cd144beeabde63e34df7c58a9bb0f5b
  fog-core (2.6.0) sha256=3fe08aa83a23cddce42f4ba412040c08f890d7ff04c175c0ee59119371245be6
  fog-json (1.3.0) sha256=8c2e4feb221c14f92ceeffb0aa5c8b6e8dd7c614a9141dfe7905f2dffebea217
  fog-xml (0.1.5) sha256=52b9fea10701461dd3eaf9d9839702169b418dbbf50426786b9b74fade373bd6
  font-awesome-rails (4.7.0.9) sha256=b45044908fbf3178b8d84fbae415dae4b9bf847612bcb1170d88ed13842c8732
  foreman (0.90.0) sha256=ff675e2d47b607ac58714a6d4ac3e1ee8f06f41d8db084531c31961e2c3f117c
  formatador (1.2.3) sha256=19fa898133c2c26cdbb5d09f6998c1e137ad9427a046663e55adfe18b950d894
  formtastic (2.3.1) sha256=5496efac5943f8bff33c989cd24ed03f129070594b165ee143330da4bb6ca266
  formtastic-bootstrap (2.1.3)
  friendly_id (5.7.0) sha256=b8994416ebaceebc7c60bc556e84ef32a3a663e2e582eb04c429216cc98de4c4
  globalid (1.3.0) sha256=05c639ad6eb4594522a0b07983022f04aa7254626ab69445a0e493aa3786ff11
  google-analytics-rails (1.1.1) sha256=0ca27a210c5def46694597e78bead08e10e2d5b7e77700721f47d869772b647b
  graphiql-rails (1.10.5) sha256=d911486eeac01e125d403a61c04f634cccaff9f8ecee5dc4efce3e7aa11bf5d3
  graphql (1.13.25) sha256=99d685d654ea072fd2a63ee9718476516ec62dec3ea57b1a22b9548ba8887adb
  graphql-client (0.16.0) sha256=244fac646bbb86f1be5eac3d4baa310f894bca57268b80d0cc4367cf580e273d
  graphql-guard (2.0.0) sha256=0c33bb7dcc477a387d86ab557d94ac26bddd770f00e8aa0b5d65af758c02d1d4
  guard (2.20.1) sha256=ab9cd7873854e6b76080c0589f781ff3e390e441bdda20165804df54f977015a
  guard-compat (1.2.1) sha256=3ad21ab0070107f92edfd82610b5cdc2fb8e368851e72362ada9703443d646fe
  guard-rspec (4.7.3) sha256=a47ba03cbd1e3c71e6ae8645cea97e203098a248aede507461a43e906e2f75ca
  haml (7.2.0) sha256=87fd2b71f7feab1724337b090a7d767f5ab2d42f08c974f3ead673f18cfcd55a
  haml-rails (3.0.0) sha256=091fe496a85ca521d9cac87fb50f1ecf77a57974a99aa7e267130add81a5585f
  hashdiff (1.2.1) sha256=9c079dbc513dfc8833ab59c0c2d8f230fa28499cc5efb4b8dd276cf931457cd1
  honeybadger (6.6.0) sha256=b4ebeaf508830a8a20b0dee8d19aedff4706ef3a96d3ccbfb05adc60a6a5385d
  htmlentities (4.4.2) sha256=bbafbdf69f2eca9262be4efef7e43e6a1de54c95eb600f26984f71d2fe96c5c3
  http-accept (1.7.0) sha256=c626860682bfbb3b46462f8c39cd470fd7b0584f61b3cc9df5b2e9eb9972a126
  http-cookie (1.1.6) sha256=ba4b82be64de61dc281243dac70e3c382c45142f20268ed9276a3670c93feaa9
  i18n (1.14.8) sha256=285778639134865c5e0f6269e0b818256017e8cde89993fdfcbfb64d088824a5
  io-console (0.8.2) sha256=d6e3ae7a7cc7574f4b8893b4fca2162e57a825b223a177b7afa236c5ef9814cc
  irb (1.18.0) sha256=de9454a0703a54704b9811a5ef31a60c86949fbf4013fcf244fabc7c775248e3
  jbuilder (2.14.1) sha256=4eb26376ff60ef100cb4fd6fd7533cd271f9998327e86adf20fd8c0e69fabb42
  jquery-rails (4.6.1) sha256=619f3496cdcdeaae1fd6dafa52dbac3fc45b745d4e09712da4184a16b3a8d9c0
  json (2.19.5) sha256=218a18553e4801d579ca7e0f5bc72bafd776d7397238a1fb4e74db5b0a812c59
  jwt (3.2.0) sha256=5419b1fe37b1da0982bd07051f573a8b8789ab724c2aa7e785e4784a3ed217d7
  language_server-protocol (3.17.0.5) sha256=fd1e39a51a28bf3eec959379985a72e296e9f9acfce46f6a79d31ca8760803cc
  lint_roller (1.1.0) sha256=2c0c845b632a7d172cb849cc90c1bce937a28c5c8ccccb50dfd46a485003cc87
  listen (3.10.0) sha256=c6e182db62143aeccc2e1960033bebe7445309c7272061979bb098d03760c9d2
  logger (1.7.0) sha256=196edec7cc44b66cfb40f9755ce11b392f21f7967696af15d274dde7edff0203
  loofah (2.25.1) sha256=d436c73dbd0c1147b16c4a41db097942d217303e1f7728704b37e4df9f6d2e04
  lumberjack (1.4.2) sha256=40de5ae46321380c835031bcc1370f13bba304d29f2b5f5bb152061a5a191b95
  mail (2.9.0) sha256=6fa6673ecd71c60c2d996260f9ee3dd387d4673b8169b502134659ece6d34941
  marcel (1.1.0) sha256=fdcfcfa33cc52e93c4308d40e4090a5d4ea279e160a7f6af988260fa970e0bee
  matrix (0.4.3) sha256=a0d5ab7ddcc1973ff690ab361b67f359acbb16958d1dc072b8b956a286564c5b
  method_source (1.1.0) sha256=181301c9c45b731b4769bc81e8860e72f9161ad7d66dd99103c9ab84f560f5c5
  mime-types (3.7.0) sha256=dcebf61c246f08e15a4de34e386ebe8233791e868564a470c3fe77c00eed5e56
  mime-types-data (3.2026.0414) sha256=461c4c655373a44bd6c5fe54bcf5b7776026ea96e808144b1ec465c4b99148cc
  mini_mime (1.1.5) sha256=8681b7e2e4215f2a159f9400b5816d85e9d8c6c6b491e96a12797e798f8bccef
  minitar (1.1.0) sha256=38db0cfb6f3801017946cdcd8dc53f2cf3fd41ff752892312bf9a1639c9ea23e
  minitest (6.0.6) sha256=153ea36d1d987a62942382b61075745042a2b3123b1cd48f4c3675af9cc7d6f1
  mize (0.6.1) sha256=4031558979ff5426fda24c75a149b4e4c0faf4cacf2fae8938f83866ab94b780
  multi_json (1.21.1) sha256=e6126a31808e3b4d19f483c775ceac34df190dffa62adfb63a165ee14ba68080
  mustermann (3.1.1) sha256=4c6170c7234d5499c345562ba7c7dfe73e1754286dcc1abb053064d66a127198
  mutex_m (0.3.0) sha256=cfcb04ac16b69c4813777022fdceda24e9f798e48092a2b817eb4c0a782b0751
  nenv (0.3.0) sha256=d9de6d8fb7072228463bf61843159419c969edb34b3cef51832b516ae7972765
  net-http (0.9.1) sha256=25ba0b67c63e89df626ed8fac771d0ad24ad151a858af2cc8e6a716ca4336996
  net-imap (0.6.4) sha256=9a5598c67a3022c284d98430ef1d4948e7dbdb62596f61081ea8ca933270a02b
  net-pop (0.1.2) sha256=848b4e982013c15b2f0382792268763b748cce91c9e91e36b0f27ed26420dff3
  net-protocol (0.2.2) sha256=aa73e0cba6a125369de9837b8d8ef82a61849360eba0521900e2c3713aa162a8
  net-smtp (0.5.1) sha256=ed96a0af63c524fceb4b29b0d352195c30d82dd916a42f03c62a3a70e5b70736
  netrc (0.11.0) sha256=de1ce33da8c99ab1d97871726cba75151113f117146becbe45aa85cb3dabee3f
  newrelic_rpm (10.4.0) sha256=36e3bc31adc89c3fe2056d1014a4d93b38bb63050050a1a442b35c4559531291
  nio4r (2.7.5) sha256=6c90168e48fb5f8e768419c93abb94ba2b892a1d0602cb06eef16d8b7df1dca1
  nokogiri (1.19.3-aarch64-linux-gnu) sha256=46b89e5d7b9e844c2ee360794240c6ea2a4e6fa0c5892a4ed487db621224b639
  nokogiri (1.19.3-aarch64-linux-musl) sha256=8392dfdcd21be7a94dbbe9ccc138dea01b97b24cb2dc02a114ca98bfb1d9a0b7
  nokogiri (1.19.3-arm-linux-gnu) sha256=3919d5ffc334ad778a4a9eb88fda7dcb8b1fb58c8a52ac640c6dcd2f038e774f
  nokogiri (1.19.3-arm-linux-musl) sha256=9ce1cb6346bb9c67b1550eb537aa183ead91e4b6eadb2f36ade02d8dd2a79fb6
  nokogiri (1.19.3-arm64-darwin) sha256=71b9bd424b1b7abc18b05052a1a3cfd3627abdca62be280854cc411791357e42
  nokogiri (1.19.3-x86_64-darwin) sha256=77f3fba57d46c53ab31e62fc6c28f705109d1bf6264356c76f132b2be5728d4d
  nokogiri (1.19.3-x86_64-linux-gnu) sha256=2f5078620fe12e83669b5b17311b32532a8153d02eee7ad06948b926d6080976
  nokogiri (1.19.3-x86_64-linux-musl) sha256=248c906d2166eca5efb56d52fdee5f9a1f51d69a72e2b64fdac647b4ce39ea3f
  notiffany (0.1.3) sha256=d37669605b7f8dcb04e004e6373e2a780b98c776f8eb503ac9578557d7808738
  observer (0.1.2) sha256=d8a3107131ba661138d748e7be3dbafc0d82e732fffba9fccb3d7829880950ac
  orm_adapter (0.5.0) sha256=aa5d0be5d540cbb46d3a93e88061f4ece6a25f6e97d6a47122beb84fe595e9b9
  ostruct (0.6.3) sha256=95a2ed4a4bd1d190784e666b47b2d3f078e4a9efda2fccf18f84ddc6538ed912
  parallel (2.1.0) sha256=b35258865c2e31134c5ecb708beaaf6772adf9d5efae28e93e99260877b09356
  parser (3.3.11.1) sha256=d17ace7aabe3e72c3cc94043714be27cc6f852f104d81aa284c2281aecc65d54
  pg (1.6.3) sha256=1388d0563e13d2758c1089e35e973a3249e955c659592d10e5b77c468f628a99
  pg (1.6.3-aarch64-linux) sha256=0698ad563e02383c27510b76bf7d4cd2de19cd1d16a5013f375dd473e4be72ea
  pg (1.6.3-aarch64-linux-musl) sha256=06a75f4ea04b05140146f2a10550b8e0d9f006a79cdaf8b5b130cde40e3ecc2c
  pg (1.6.3-arm64-darwin) sha256=7240330b572e6355d7c75a7de535edb5dfcbd6295d9c7777df4d9dddfb8c0e5f
  pg (1.6.3-x86_64-darwin) sha256=ee2e04a17c0627225054ffeb43e31a95be9d7e93abda2737ea3ce4a62f2729d6
  pg (1.6.3-x86_64-linux) sha256=5d9e188c8f7a0295d162b7b88a768d8452a899977d44f3274d1946d67920ae8d
  pg (1.6.3-x86_64-linux-musl) sha256=9c9c90d98c72f78eb04c0f55e9618fe55d1512128e411035fe229ff427864009
  pkg-config (1.6.5) sha256=33f9f81c5322983d22b439b8b672f27777b406fea23bfec74ff14bbeb42ec733
  pp (0.6.3) sha256=2951d514450b93ccfeb1df7d021cae0da16e0a7f95ee1e2273719669d0ab9df6
  premailer (1.29.0) sha256=015f30c520701f3d47fd898886a3eaf4e5171efcc5fd239b872efd1ba61d3da0
  prettyprint (0.2.0) sha256=2bc9e15581a94742064a3cc8b0fb9d45aae3d03a1baa6ef80922627a0766f193
  prism (1.9.0) sha256=7b530c6a9f92c24300014919c9dcbc055bf4cdf51ec30aed099b06cd6674ef85
  pry (0.16.0) sha256=d76c69065698ed1f85e717bd33d7942c38a50868f6b0673c636192b3d1b6054e
  psych (5.3.1) sha256=eb7a57cef10c9d70173ff74e739d843ac3b2c019a003de48447b2963d81b1974
  public_suffix (7.0.5) sha256=1a8bb08f1bbea19228d3bed6e5ed908d1cb4f7c2726d18bd9cadf60bc676f623
  pundit (2.5.2) sha256=e374152baa24f90b630428293faf4b4c5468fc3cc010165f7d8fcb44ce108bbd
  racc (1.8.1) sha256=4a7f6929691dbec8b5209a0b373bc2614882b55fc5d2e447a21aaa691303d62f
  rack (3.2.6) sha256=5ed78e1f73b2e25679bec7d45ee2d4483cc4146eb1be0264fc4d94cb5ef212c2
  rack-mini-profiler (4.0.1) sha256=485810c23211f908196c896ea10cad72ed68780ee2998bec1f1dfd7558263d78
  rack-protection (4.2.1) sha256=cf6e2842df8c55f5e4d1a4be015e603e19e9bc3a7178bae58949ccbb58558bac
  rack-session (2.1.2) sha256=595434f8c0c3473ae7d7ac56ecda6cc6dfd9d37c0b2b5255330aa1576967ffe8
  rack-test (2.2.0) sha256=005a36692c306ac0b4a9350355ee080fd09ddef1148a5f8b2ac636c720f5c463
  rackup (2.3.1) sha256=6c79c26753778e90983761d677a48937ee3192b3ffef6bc963c0950f94688868
  rails (7.1.6) sha256=9a0a335e510de3daad7542cd791af3d8ff710c644e1da17ed12e96d2f28a7470
  rails-controller-testing (1.0.5) sha256=741448db59366073e86fc965ba403f881c636b79a2c39a48d0486f2607182e94
  rails-dom-testing (2.3.0) sha256=8acc7953a7b911ca44588bf08737bc16719f431a1cc3091a292bca7317925c1d
  rails-html-sanitizer (1.7.0) sha256=28b145cceaf9cc214a9874feaa183c3acba036c9592b19886e0e45efc62b1e89
  railties (7.1.6) sha256=2a10e97f2eaca66d11f0fef4b1f4d826e6ee28d4cf01ff16624420dd45e7de1c
  rainbow (3.1.1) sha256=039491aa3a89f42efa1d6dec2fc4e62ede96eb6acd95e52f1ad581182b79bc6a
  rake (13.4.2) sha256=cb825b2bd5f1f8e91ca37bddb4b9aaf345551b4731da62949be002fa89283701
  rb-fchange (0.0.6) sha256=501da215a5f3c88efcc8274d91018b7448149051bb3a3378da25e88ea09bfe7d
  rb-fsevent (0.11.2) sha256=43900b972e7301d6570f64b850a5aa67833ee7d87b458ee92805d56b7318aefe
  rb-inotify (0.11.1) sha256=a0a700441239b0ff18eb65e3866236cd78613d6b9f78fea1f9ac47a85e47be6e
  rdoc (7.2.0) sha256=8650f76cd4009c3b54955eb5d7e3a075c60a57276766ebf36f9085e8c9f23192
  readline (0.0.4) sha256=6138eef17be2b98298b672c3ea63bf9cb5158d401324f26e1e84f235879c1d6a
  redis-client (0.29.0) sha256=0c65bf1f8f6dca22063ddb085c0bb2054feef6f03a84869f4161b18a9a15bea3
  regexp_parser (2.12.0) sha256=35a916a1d63190ab5c9009457136ae5f3c0c7512d60291d0d1378ba18ce08ebb
  reline (0.6.3) sha256=1198b04973565b36ec0f11542ab3f5cfeeec34823f4e54cebde90968092b1835
  responders (3.2.0) sha256=89c2d6ac0ae16f6458a11524cae4a8efdceba1a3baea164d28ee9046bd3df55a
  rest-client (2.1.0) sha256=35a6400bdb14fae28596618e312776c158f7ebbb0ccad752ff4fa142bf2747e3
  rexml (3.4.4) sha256=19e0a2c3425dfbf2d4fc1189747bdb2f849b6c5e74180401b15734bc97b5d142
  rmagick (7.0.0) sha256=18a4450b0ec6076bbad645e2180f18a8551d297c893f545cb886fd6fb3fde0b7
  rspec (3.13.2) sha256=206284a08ad798e61f86d7ca3e376718d52c0bc944626b2349266f239f820587
  rspec-activemodel-mocks (1.3.0) sha256=b51b111b726370a20a2103a8a6851296783a70d2b0bd0287bfa24d293f58d76e
  rspec-core (3.13.6) sha256=a8823c6411667b60a8bca135364351dda34cd55e44ff94c4be4633b37d828b2d
  rspec-expectations (3.13.5) sha256=33a4d3a1d95060aea4c94e9f237030a8f9eae5615e9bd85718fe3a09e4b58836
  rspec-mocks (3.13.8) sha256=086ad3d3d17533f4237643de0b5c42f04b66348c28bf6b9c2d3f4a3b01af1d47
  rspec-rails (7.1.1) sha256=e15dccabed211e2fd92f21330c819adcbeb1591c1d66c580d8f2d8288557e331
  rspec-support (3.13.7) sha256=0640e5570872aafefd79867901deeeeb40b0c9875a36b983d85f54fb7381c47c
  rubocop (1.86.1) sha256=44415f3f01d01a21e01132248d2fd0867572475b566ca188a0a42133a08d4531
  rubocop-ast (1.49.1) sha256=4412f3ee70f6fe4546cc489548e0f6fcf76cafcfa80fa03af67098ffed755035
  rubocop-graphql (1.6.0) sha256=60778e77cbb8384fff9795890d5e8012e82100c356ce15275a599ad341a728ce
  rubocop-rails (2.34.3) sha256=10d37989024865ecda8199f311f3faca990143fbac967de943f88aca11eb9ad2
  rubocop-rspec (3.9.0) sha256=8fa70a3619408237d789aeecfb9beef40576acc855173e60939d63332fdb55e2
  ruby-progressbar (1.13.0) sha256=80fc9c47a9b640d6834e0dc7b3c94c9df37f08cb072b7761e4a71e22cff29b33
  ruby_gntp (0.3.4) sha256=7f427fd1752e8b78cc288088282ef8261b7e6896d8bb401ac047d6fb6b1d142e
  rubyzip (3.3.0) sha256=a372fc67892a4f8c0bc8ec906b720353d8e48807a64b2e63adf99b1e3583a034
  sass (3.7.4) sha256=808b0d39053aa69068df939e24671fe84fd5a9d3314486e1a1457d0934a4255d
  sass-listen (4.0.0) sha256=ae9dcb76dd3e234329e5ba6e213f48e532c5a3e7b0b4d8a87f13aaca0cc18377
  sass-rails (6.0.0) sha256=e0b6448ea1c7929fd5929fc7a8eb2d78045e44cc82fc0765a249d3fa1c5810d3
  sassc (2.4.0) sha256=4c60a2b0a3b36685c83b80d5789401c2f678c1652e3288315a1551d811d9f83e
  sassc-rails (2.1.2) sha256=5f4fdf3881fc9bdc8e856ffbd9850d70a2878866feae8114aa45996179952db5
  securerandom (0.4.1) sha256=cc5193d414a4341b6e225f0cb4446aceca8e50d5e1888743fac16987638ea0b1
  selenium-webdriver (4.43.0) sha256=a634377b964b701c6ac0a009ce3a08fa34ec1e1e7fe9a6d57e3088d14529a65c
  shellany (0.0.1) sha256=0e127a9132698766d7e752e82cdac8250b6adbd09e6c0a7fbbb6f61964fedee7
  sidekiq (7.3.9) sha256=1108712e1def89002b28e3545d5ae15d4a57ffd4d2c25d97bb1360988826b5a7
  sinatra (4.2.1) sha256=b7aeb9b11d046b552972ade834f1f9be98b185fa8444480688e3627625377080
  spring (4.5.0) sha256=9124b954f6d079cb9aa610d7069cbada7c146c9368599557806a9ff7067b2e1b
  spring-commands-rspec (1.0.4) sha256=6202e54fa4767452e3641461a83347645af478bf45dddcca9737b43af0dd1a2c
  sprockets (4.2.2) sha256=761e5a49f1c288704763f73139763564c845a8f856d52fba013458f8af1b59b1
  sprockets-rails (3.5.2) sha256=a9e88e6ce9f8c912d349aa5401509165ec42326baf9e942a85de4b76dbc4119e
  stringio (3.2.0) sha256=c37cb2e58b4ffbd33fe5cd948c05934af997b36e0b6ca6fdf43afa234cf222e1
  sync (0.5.0) sha256=668356cc07c59ac7ed9ecf34fec3929831f179c07adb1f3e1c3b7a1609a638fd
  syslog_protocol (0.9.2) sha256=acda2134141424e95e655b8747746770e667197cd5be09bd58f503e9576562f9
  temple (0.10.4) sha256=b7a1e94b6f09038ab0b6e4fe0126996055da2c38bec53a8a336f075748fff72c
  terminal-notifier (2.0.0) sha256=7a0d2b2212ab9835c07f4b2e22a94cff64149dba1eed203c04835f7991078cea
  terminal-notifier-guard (1.7.0) sha256=66b21cb15ef9931ba0428e6d49e681042702919ebc216249f9443f5a25c59741
  thin (2.0.1) sha256=5bbde5648377f5c3864b5da7cd89a23b5c2d8d8bb9435719f6db49644bcdade9
  thor (1.5.0) sha256=e3a9e55fe857e44859ce104a84675ab6e8cd59c650a49106a05f55f136425e73
  tilt (2.7.0) sha256=0d5b9ba69f6a36490c64b0eee9f6e9aad517e20dcc848800a06eb116f08c6ab3
  timeout (0.6.1) sha256=78f57368a7e7bbadec56971f78a3f5ecbcfb59b7fcbb0a3ed6ddc08a5094accb
  tins (1.53.0) sha256=2960725f2fea121700ff5b9f536c7053e4c87668feac0f3492480a2a6e8fbe91
  tsort (0.2.0) sha256=9650a793f6859a43b6641671278f79cfead60ac714148aabe4e3f0060480089f
  tzinfo (2.0.6) sha256=8daf828cc77bcf7d63b0e3bdb6caa47e2272dcfaf4fbfe46f8c3a9df087a829b
  uglifier (4.2.1) sha256=75d42b81b10bfd21e7a427fabb1d49ff5ea7bda3c4a5039ddb2a78d194c6f5aa
  unicode-display_width (3.2.0) sha256=0cdd96b5681a5949cdbc2c55e7b420facae74c4aaf9a9815eee1087cb1853c42
  unicode-emoji (4.2.0) sha256=519e69150f75652e40bf736106cfbc8f0f73aa3fb6a65afe62fefa7f80b0f80f
  uri (1.1.1) sha256=379fa58d27ffb1387eaada68c749d1426738bd0f654d812fcc07e7568f5c57c6
  user_agent_parser (2.21.0) sha256=d945d914af9955a499a62038fe97d3ac3416b69e5243b3298c8755b48f3f57c7
  vcr (6.4.0) sha256=077ac92cc16efc5904eb90492a18153b5e6ca5398046d8a249a7c96a9ea24ae6
  warden (1.2.9) sha256=46684f885d35a69dbb883deabf85a222c8e427a957804719e143005df7a1efd0
  webmock (3.26.2) sha256=774556f2ea6371846cca68c01769b2eac0d134492d21f6d0ab5dd643965a4c90
  websocket (1.2.11) sha256=b7e7a74e2410b5e85c25858b26b3322f29161e300935f70a0e0d3c35e0462737
  websocket-driver (0.8.0) sha256=ed0dba4b943c22f17f9a734817e808bc84cdce6a7e22045f5315aa57676d4962
  websocket-extensions (0.1.5) sha256=1c6ba63092cda343eb53fc657110c71c754c56484aad42578495227d717a8241
  will_paginate (4.0.1) sha256=107b226ebe1d393d274575956a7c472e1eefdd97d8828e01b72d425d15a875b9
  xpath (3.2.0) sha256=6dfda79d91bb3b949b947ecc5919f042ef2f399b904013eb3ef6d20dd3a4082e
  zeitwerk (2.7.5) sha256=d8da92128c09ea6ec62c949011b00ed4a20242b255293dd66bf41545398f73dd

BUNDLED WITH
   2.5.16
